
Microsoft Visual Studio Solution File, Format Version 12.00
# Visual Studio 15
VisualStudioVersion = 15.0.27004.2005
MinimumVisualStudioVersion = 10.0.40219.1
Project("{FAE04EC0-301F-11D3-BF4B-00C04F79EFBC}") = "AzureTest", "AzureTest.csproj", "{D250E0E7-0CDC-469A-B0C4-C7770E7D3DF2}"
EndProject
Project("{FAE04EC0-301F-11D3-BF4B-00C04F79EFBC}") = "AzureManagerTest", "..\AzureManagerTest\AzureManagerTest.csproj", "{C6050842-4AEE-4D74-997A-4504804BC60A}"
EndProject
Project("{FAE04EC0-301F-11D3-BF4B-00C04F79EFBC}") = "CosmosDbTest", "CosmosDbTest\CosmosDbTest.csproj", "{4E356F4D-778D-4FF1-8B4E-CFB55B571FBF}"
EndProject
Project("{CC5FD16D-436D-48AD-A40C-5A424C6E3E79}") = "SampleCloudService", "..\SampleCloudService\SampleCloudService.ccproj", "{349F93C9-F9B0-408E-983A-22044998D948}"
EndProject
Project("{FAE04EC0-301F-11D3-BF4B-00C04F79EFBC}") = "SampleWorkerRole", "SampleWorkerRole\SampleWorkerRole.csproj", "{C248ED14-428B-4122-A7CA-BA3D5E3AB00B}"
EndProject
Project("{FAE04EC0-301F-11D3-BF4B-00C04F79EFBC}") = "RelayListener", "..\ServiceBusTest\RelayTest\RelayListener\RelayListener.csproj", "{37F3D250-8E62-4A80-996A-FE757BE8A9DF}"
EndProject
Project("{FAE04EC0-301F-11D3-BF4B-00C04F79EFBC}") = "RelaySender", "..\ServiceBusTest\RelayTest\RelaySender\RelaySender.csproj", "{FAEE8243-80AA-4743-BE65-5B2E4AA4B298}"
EndProject
Global
	GlobalSection(SolutionConfigurationPlatforms) = preSolution
		Debug|Any CPU = Debug|Any CPU
		Release|Any CPU = Release|Any CPU
	EndGlobalSection
	GlobalSection(ProjectConfigurationPlatforms) = postSolution
		{D250E0E7-0CDC-469A-B0C4-C7770E7D3DF2}.Debug|Any CPU.ActiveCfg = Debug|Any CPU
		{D250E0E7-0CDC-469A-B0C4-C7770E7D3DF2}.Debug|Any CPU.Build.0 = Debug|Any CPU
		{D250E0E7-0CDC-469A-B0C4-C7770E7D3DF2}.Release|Any CPU.ActiveCfg = Release|Any CPU
		{D250E0E7-0CDC-469A-B0C4-C7770E7D3DF2}.Release|Any CPU.Build.0 = Release|Any CPU
		{C6050842-4AEE-4D74-997A-4504804BC60A}.Debug|Any CPU.ActiveCfg = Debug|Any CPU
		{C6050842-4AEE-4D74-997A-4504804BC60A}.Debug|Any CPU.Build.0 = Debug|Any CPU
		{C6050842-4AEE-4D74-997A-4504804BC60A}.Release|Any CPU.ActiveCfg = Release|Any CPU
		{C6050842-4AEE-4D74-997A-4504804BC60A}.Release|Any CPU.Build.0 = Release|Any CPU
		{4E356F4D-778D-4FF1-8B4E-CFB55B571FBF}.Debug|Any CPU.ActiveCfg = Debug|Any CPU
		{4E356F4D-778D-4FF1-8B4E-CFB55B571FBF}.Debug|Any CPU.Build.0 = Debug|Any CPU
		{4E356F4D-778D-4FF1-8B4E-CFB55B571FBF}.Release|Any CPU.ActiveCfg = Release|Any CPU
		{4E356F4D-778D-4FF1-8B4E-CFB55B571FBF}.Release|Any CPU.Build.0 = Release|Any CPU
		{349F93C9-F9B0-408E-983A-22044998D948}.Debug|Any CPU.ActiveCfg = Debug|Any CPU
		{349F93C9-F9B0-408E-983A-22044998D948}.Debug|Any CPU.Build.0 = Debug|Any CPU
		{349F93C9-F9B0-408E-983A-22044998D948}.Release|Any CPU.ActiveCfg = Release|Any CPU
		{349F93C9-F9B0-408E-983A-22044998D948}.Release|Any CPU.Build.0 = Release|Any CPU
		{C248ED14-428B-4122-A7CA-BA3D5E3AB00B}.Debug|Any CPU.ActiveCfg = Debug|Any CPU
		{C248ED14-428B-4122-A7CA-BA3D5E3AB00B}.Debug|Any CPU.Build.0 = Debug|Any CPU
		{C248ED14-428B-4122-A7CA-BA3D5E3AB00B}.Release|Any CPU.ActiveCfg = Release|Any CPU
		{C248ED14-428B-4122-A7CA-BA3D5E3AB00B}.Release|Any CPU.Build.0 = Release|Any CPU
		{37F3D250-8E62-4A80-996A-FE757BE8A9DF}.Debug|Any CPU.ActiveCfg = Debug|Any CPU
		{37F3D250-8E62-4A80-996A-FE757BE8A9DF}.Debug|Any CPU.Build.0 = Debug|Any CPU
		{37F3D250-8E62-4A80-996A-FE757BE8A9DF}.Release|Any CPU.ActiveCfg = Release|Any CPU
		{37F3D250-8E62-4A80-996A-FE757BE8A9DF}.Release|Any CPU.Build.0 = Release|Any CPU
		{FAEE8243-80AA-4743-BE65-5B2E4AA4B298}.Debug|Any CPU.ActiveCfg = Debug|Any CPU
		{FAEE8243-80AA-4743-BE65-5B2E4AA4B298}.Debug|Any CPU.Build.0 = Debug|Any CPU
		{FAEE8243-80AA-4743-BE65-5B2E4AA4B298}.Release|Any CPU.ActiveCfg = Release|Any CPU
		{FAEE8243-80AA-4743-BE65-5B2E4AA4B298}.Release|Any CPU.Build.0 = Release|Any CPU
	EndGlobalSection
	GlobalSection(SolutionProperties) = preSolution
		HideSolutionNode = FALSE
	EndGlobalSection
	GlobalSection(ExtensibilityGlobals) = postSolution
		SolutionGuid = {31714751-E1FF-4A7A-A8A7-BD6C7743B0AF}
	EndGlobalSection
EndGlobal
